vimagination.zapto.org/httpencoding v1.0.0 h1:sSibnPq1pKROK4IBTNNCAKRPCijIZAaMQUBf/Mn5GA0=
vimagination.zapto.org/httpencoding v1.0.0/go.mod h1:J2hxhPn3VjWestQQ036OYpDwwerfvIHmbtmTqpKVe0w=
vimagination.zapto.org/httpgzip v1.0.0 h1:MWO7vEnU0qyDZ4YOS+OAXjUmIeZP7uggW6fNd7OOjd4=
vimagination.zapto.org/httpgzip v1.0.0/go.mod h1:4/pyxYYHgAgP4V0u+lbqbvKiM+XlQdSkiSxty0EJl2I=
vimagination.zapto.org/javascript v1.5.0 h1:MNQynA27nKt5LFewhtyCPBXBsSgZPl7oKAMlghmkv2w=
vimagination.zapto.org/javascript v1.5.0/go.mod h1:VHox5R23pekFQihRLxhfKh3lvY9TbGhG5KhPtMnM2kw=
vimagination.zapto.org/parser v1.0.4 h1:7REiRsbDlO7amHGjrCMudJaaw+E854njekVmTTsI2Hg=
vimagination.zapto.org/parser v1.0.4/go.mod h1:MxM1MZY6A9AeEx6nahIQ6MJaGZqX80n6Vm3zGVqV9FU=
vimagination.zapto.org/tsserver v1.0.14 h1:IHwbKeEqtPrHgWtTkZGYBYKGzNH9qoFfd8lS987qIeI=
vimagination.zapto.org/tsserver v1.0.14/go.mod h1:Cu0Ozxy8GNBoOLoKrmwCIYTLXRTUrvylI80EmIqrf0Q=
